
Microsoft Visual Studio Solution File, Format Version 12.00
# Visual Studio 11
Project("{FAE04EC0-301F-11D3-BF4B-00C04F79EFBC}") = "Handleliste", "Handleliste\Handleliste.csproj", "{3939D0A1-DFE9-4C7E-80F8-44DFC4B2B49B}"
EndProject
Global
	GlobalSection(SolutionConfigurationPlatforms) = preSolution
		Debug|Any CPU = Debug|Any CPU
		Release|Any CPU = Release|Any CPU
	EndGlobalSection
	GlobalSection(ProjectConfigurationPlatforms) = postSolution
		{3939D0A1-DFE9-4C7E-80F8-44DFC4B2B49B}.Debug|Any CPU.ActiveCfg = Debug|Any CPU
		{3939D0A1-DFE9-4C7E-80F8-44DFC4B2B49B}.Debug|Any CPU.Build.0 = Debug|Any CPU
		{3939D0A1-DFE9-4C7E-80F8-44DFC4B2B49B}.Release|Any CPU.ActiveCfg = Release|Any CPU
		{3939D0A1-DFE9-4C7E-80F8-44DFC4B2B49B}.Release|Any CPU.Build.0 = Release|Any CPU
	EndGlobalSection
	GlobalSection(SolutionProperties) = preSolution
		HideSolutionNode = FALSE
	EndGlobalSection
EndGlobal
